
Microsoft Visual Studio Solution File, Format Version 12.00
# Visual Studio Version 16
VisualStudioVersion = 16.0.30225.117
MinimumVisualStudioVersion = 10.0.40219.1
Project("{888888A0-9F3D-457C-B088-3A5042F75D52}") = "FlaskMongoDB", "FlaskMongoDB.pyproj", "{10515B42-0E40-45F1-B469-839C9AFC60FF}"
EndProject
Global
	GlobalSection(SolutionConfigurationPlatforms) = preSolution
		Debug|Any CPU = Debug|Any CPU
		Release|Any CPU = Release|Any CPU
	EndGlobalSection
	GlobalSection(ProjectConfigurationPlatforms) = postSolution
		{10515B42-0E40-45F1-B469-839C9AFC60FF}.Debug|Any CPU.ActiveCfg = Debug|Any CPU
		{10515B42-0E40-45F1-B469-839C9AFC60FF}.Debug|Any CPU.Build.0 = Debug|Any CPU
		{10515B42-0E40-45F1-B469-839C9AFC60FF}.Release|Any CPU.ActiveCfg = Release|Any CPU
		{10515B42-0E40-45F1-B469-839C9AFC60FF}.Release|Any CPU.Build.0 = Release|Any CPU
	EndGlobalSection
	GlobalSection(SolutionProperties) = preSolution
		HideSolutionNode = FALSE
	EndGlobalSection
	GlobalSection(ExtensibilityGlobals) = postSolution
		SolutionGuid = {6D62002B-F073-418F-B04E-C69917964231}
	EndGlobalSection
EndGlobal
