
Microsoft Visual Studio Solution File, Format Version 12.00
# Visual Studio 14
VisualStudioVersion = 14.0.25420.1
MinimumVisualStudioVersion = 10.0.40219.1
Project("{FAE04EC0-301F-11D3-BF4B-00C04F79EFBC}") = "UnitTestDemo", "UnitTestDemo\UnitTestDemo.csproj", "{ED812A78-8BE4-4D9F-9711-0E6C0D6ACD60}"
EndProject
Project("{FAE04EC0-301F-11D3-BF4B-00C04F79EFBC}") = "UnitTestDemoTests", "UnitTestDemoTests\UnitTestDemoTests.csproj", "{0801A0D4-07C7-45CC-A1EE-F529726CE584}"
EndProject
Global
	GlobalSection(SolutionConfigurationPlatforms) = preSolution
		Debug|Any CPU = Debug|Any CPU
		Release|Any CPU = Release|Any CPU
	EndGlobalSection
	GlobalSection(ProjectConfigurationPlatforms) = postSolution
		{ED812A78-8BE4-4D9F-9711-0E6C0D6ACD60}.Debug|Any CPU.ActiveCfg = Debug|Any CPU
		{ED812A78-8BE4-4D9F-9711-0E6C0D6ACD60}.Debug|Any CPU.Build.0 = Debug|Any CPU
		{ED812A78-8BE4-4D9F-9711-0E6C0D6ACD60}.Release|Any CPU.ActiveCfg = Release|Any CPU
		{ED812A78-8BE4-4D9F-9711-0E6C0D6ACD60}.Release|Any CPU.Build.0 = Release|Any CPU
		{0801A0D4-07C7-45CC-A1EE-F529726CE584}.Debug|Any CPU.ActiveCfg = Debug|Any CPU
		{0801A0D4-07C7-45CC-A1EE-F529726CE584}.Debug|Any CPU.Build.0 = Debug|Any CPU
		{0801A0D4-07C7-45CC-A1EE-F529726CE584}.Release|Any CPU.ActiveCfg = Release|Any CPU
		{0801A0D4-07C7-45CC-A1EE-F529726CE584}.Release|Any CPU.Build.0 = Release|Any CPU
	EndGlobalSection
	GlobalSection(SolutionProperties) = preSolution
		HideSolutionNode = FALSE
	EndGlobalSection
EndGlobal
