
Microsoft Visual Studio Solution File, Format Version 12.00
# Visual Studio 15
VisualStudioVersion = 15.0.27703.2042
MinimumVisualStudioVersion = 10.0.40219.1
Project("{FAE04EC0-301F-11D3-BF4B-00C04F79EFBC}") = "doubledecimal", "doubledecimal\doubledecimal.csproj", "{2B5E59DB-9B2C-4A3E-B088-CBEB36B82AE4}"
EndProject
Global
	GlobalSection(SolutionConfigurationPlatforms) = preSolution
		Debug|Any CPU = Debug|Any CPU
		Release|Any CPU = Release|Any CPU
	EndGlobalSection
	GlobalSection(ProjectConfigurationPlatforms) = postSolution
		{2B5E59DB-9B2C-4A3E-B088-CBEB36B82AE4}.Debug|Any CPU.ActiveCfg = Debug|Any CPU
		{2B5E59DB-9B2C-4A3E-B088-CBEB36B82AE4}.Debug|Any CPU.Build.0 = Debug|Any CPU
		{2B5E59DB-9B2C-4A3E-B088-CBEB36B82AE4}.Release|Any CPU.ActiveCfg = Release|Any CPU
		{2B5E59DB-9B2C-4A3E-B088-CBEB36B82AE4}.Release|Any CPU.Build.0 = Release|Any CPU
	EndGlobalSection
	GlobalSection(SolutionProperties) = preSolution
		HideSolutionNode = FALSE
	EndGlobalSection
	GlobalSection(ExtensibilityGlobals) = postSolution
		SolutionGuid = {22DF304E-3467-431B-A736-1A16213B5BE6}
	EndGlobalSection
EndGlobal
