
Microsoft Visual Studio Solution File, Format Version 12.00
# Visual Studio 15
VisualStudioVersion = 15.0.27703.2042
MinimumVisualStudioVersion = 10.0.40219.1
Project("{FAE04EC0-301F-11D3-BF4B-00C04F79EFBC}") = "EFCoreTutorials", "EFCoreTutorials\EFCoreTutorials.csproj", "{FFD5B509-BBE9-4281-95AF-D4DCF64EDC20}"
EndProject
Global
	GlobalSection(SolutionConfigurationPlatforms) = preSolution
		Debug|Any CPU = Debug|Any CPU
		Release|Any CPU = Release|Any CPU
	EndGlobalSection
	GlobalSection(ProjectConfigurationPlatforms) = postSolution
		{FFD5B509-BBE9-4281-95AF-D4DCF64EDC20}.Debug|Any CPU.ActiveCfg = Debug|Any CPU
		{FFD5B509-BBE9-4281-95AF-D4DCF64EDC20}.Debug|Any CPU.Build.0 = Debug|Any CPU
		{FFD5B509-BBE9-4281-95AF-D4DCF64EDC20}.Release|Any CPU.ActiveCfg = Release|Any CPU
		{FFD5B509-BBE9-4281-95AF-D4DCF64EDC20}.Release|Any CPU.Build.0 = Release|Any CPU
	EndGlobalSection
	GlobalSection(SolutionProperties) = preSolution
		HideSolutionNode = FALSE
	EndGlobalSection
	GlobalSection(ExtensibilityGlobals) = postSolution
		SolutionGuid = {4B22FFF8-842C-43E0-A5A5-E334A6060F93}
	EndGlobalSection
EndGlobal
